
Microsoft Visual Studio Solution File, Format Version 12.00
# Visual Studio Version 17
VisualStudioVersion = 17.2.32602.215
MinimumVisualStudioVersion = 10.0.40219.1
Project("{FAE04EC0-301F-11D3-BF4B-00C04F79EFBC}") = "DemoMode", "DemoMode\DemoMode.csproj", "{8BDC42EF-E759-40C8-8942-6ED98C0B8E12}"
EndProject
Global
	GlobalSection(SolutionConfigurationPlatforms) = preSolution
		Debug|Any CPU = Debug|Any CPU
		Release|Any CPU = Release|Any CPU
	EndGlobalSection
	GlobalSection(ProjectConfigurationPlatforms) = postSolution
		{8BDC42EF-E759-40C8-8942-6ED98C0B8E12}.Debug|Any CPU.ActiveCfg = Debug|Any CPU
		{8BDC42EF-E759-40C8-8942-6ED98C0B8E12}.Debug|Any CPU.Build.0 = Debug|Any CPU
		{8BDC42EF-E759-40C8-8942-6ED98C0B8E12}.Release|Any CPU.ActiveCfg = Release|Any CPU
		{8BDC42EF-E759-40C8-8942-6ED98C0B8E12}.Release|Any CPU.Build.0 = Release|Any CPU
	EndGlobalSection
	GlobalSection(SolutionProperties) = preSolution
		HideSolutionNode = FALSE
	EndGlobalSection
	GlobalSection(ExtensibilityGlobals) = postSolution
		SolutionGuid = {C33DF175-FF8D-413A-9C0E-713EA0CDAC42}
	EndGlobalSection
EndGlobal
